
Microsoft Visual Studio Solution File, Format Version 12.00
# Visual Studio Version 17
VisualStudioVersion = 17.5.002.0
MinimumVisualStudioVersion = 10.0.40219.1
Project("{9A19103F-16F7-4668-BE54-9A1E7A4F7556}") = "Biblioteca_API", "Biblioteca_API.csproj", "{8238BC08-05BD-4051-8C15-83BD96100990}"
EndProject
Global
	GlobalSection(SolutionConfigurationPlatforms) = preSolution
		Debug|Any CPU = Debug|Any CPU
		Release|Any CPU = Release|Any CPU
	EndGlobalSection
	GlobalSection(ProjectConfigurationPlatforms) = postSolution
		{8238BC08-05BD-4051-8C15-83BD96100990}.Debug|Any CPU.ActiveCfg = Debug|Any CPU
		{8238BC08-05BD-4051-8C15-83BD96100990}.Debug|Any CPU.Build.0 = Debug|Any CPU
		{8238BC08-05BD-4051-8C15-83BD96100990}.Release|Any CPU.ActiveCfg = Release|Any CPU
		{8238BC08-05BD-4051-8C15-83BD96100990}.Release|Any CPU.Build.0 = Release|Any CPU
	EndGlobalSection
	GlobalSection(SolutionProperties) = preSolution
		HideSolutionNode = FALSE
	EndGlobalSection
	GlobalSection(ExtensibilityGlobals) = postSolution
		SolutionGuid = {3FC31997-F62B-44AB-8564-7507AC177EEF}
	EndGlobalSection
EndGlobal
